// !$*UTF8*$!
{
	archiveVersion = 1;
	classes = {
	};
	objectVersion = 46;
	objects = {

/* Begin PBXAggregateTarget section */
		"AddaNetworking::AddaNetworkingPackageTests::ProductTarget" /* AddaNetworkingPackageTests */ = {
			isa = PBXAggregateTarget;
			buildConfigurationList = OBJ_34 /* Build configuration list for PBXAggregateTarget "AddaNetworkingPackageTests" */;
			buildPhases = (
			);
			dependencies = (
				OBJ_37 /* PBXTargetDependency */,
			);
			name = AddaNetworkingPackageTests;
			productName = AddaNetworkingPackageTests;
		};
/* End PBXAggregateTarget section */

/* Begin PBXBuildFile section */
		C34D077324F409750059F38D /* DataType.swift in Sources */ = {isa = PBXBuildFile; fileRef = C34D076924F409750059F38D /* DataType.swift */; };
		C34D077424F409750059F38D /* HttpUrlResponse+IsSuccesful.swift in Sources */ = {isa = PBXBuildFile; fileRef = C34D076A24F409750059F38D /* HttpUrlResponse+IsSuccesful.swift */; };
		C34D077524F409750059F38D /* JSONDecoder+Extension.swift in Sources */ = {isa = PBXBuildFile; fileRef = C34D076B24F409750059F38D /* JSONDecoder+Extension.swift */; };
		C34D077624F409750059F38D /* HTTPMethod.swift in Sources */ = {isa = PBXBuildFile; fileRef = C34D076C24F409750059F38D /* HTTPMethod.swift */; };
		C34D077724F409750059F38D /* URL+GeneralURLQuery.swift in Sources */ = {isa = PBXBuildFile; fileRef = C34D076D24F409750059F38D /* URL+GeneralURLQuery.swift */; };
		C34D077824F409750059F38D /* ContentType.swift in Sources */ = {isa = PBXBuildFile; fileRef = C34D076E24F409750059F38D /* ContentType.swift */; };
		C34D077924F409750059F38D /* ErrorManager.swift in Sources */ = {isa = PBXBuildFile; fileRef = C34D076F24F409750059F38D /* ErrorManager.swift */; };
		C34D077A24F409750059F38D /* URLRequest+setupRequest.swift in Sources */ = {isa = PBXBuildFile; fileRef = C34D077024F409750059F38D /* URLRequest+setupRequest.swift */; };
		C34D077B24F409750059F38D /* AuthType.swift in Sources */ = {isa = PBXBuildFile; fileRef = C34D077124F409750059F38D /* AuthType.swift */; };
		C34D077C24F409750059F38D /* APIConfiguration.swift in Sources */ = {isa = PBXBuildFile; fileRef = C34D077224F409750059F38D /* APIConfiguration.swift */; };
		OBJ_25 /* AddaNetworking.swift in Sources */ = {isa = PBXBuildFile; fileRef = OBJ_9 /* AddaNetworking.swift */; };
		OBJ_32 /* Package.swift in Sources */ = {isa = PBXBuildFile; fileRef = OBJ_6 /* Package.swift */; };
		OBJ_43 /* AddaNetworkingTests.swift in Sources */ = {isa = PBXBuildFile; fileRef = OBJ_12 /* AddaNetworkingTests.swift */; };
		OBJ_44 /* XCTestManifests.swift in Sources */ = {isa = PBXBuildFile; fileRef = OBJ_13 /* XCTestManifests.swift */; };
		OBJ_46 /* AddaNetworking.framework in Frameworks */ = {isa = PBXBuildFile; fileRef = "AddaNetworking::AddaNetworking::Product" /* AddaNetworking.framework */; };
/* End PBXBuildFile section */

/* Begin PBXContainerItemProxy section */
		C34D076824F4091B0059F38D /* PBXContainerItemProxy */ = {
			isa = PBXContainerItemProxy;
			containerPortal = OBJ_1 /* Project object */;
			proxyType = 1;
			remoteGlobalIDString = "AddaNetworking::AddaNetworking";
			remoteInfo = AddaNetworking;
		};
		C34D077E24F409A80059F38D /* PBXContainerItemProxy */ = {
			isa = PBXContainerItemProxy;
			containerPortal = OBJ_1 /* Project object */;
			proxyType = 1;
			remoteGlobalIDString = "AddaNetworking::AddaNetworkingTests";
			remoteInfo = AddaNetworkingTests;
		};
/* End PBXContainerItemProxy section */

/* Begin PBXFileReference section */
		"AddaNetworking::AddaNetworking::Product" /* AddaNetworking.framework */ = {isa = PBXFileReference; lastKnownFileType = wrapper.framework; path = AddaNetworking.framework; sourceTree = BUILT_PRODUCTS_DIR; };
		"AddaNetworking::AddaNetworkingTests::Product" /* AddaNetworkingTests.xctest */ = {isa = PBXFileReference; lastKnownFileType = file; path = AddaNetworkingTests.xctest; sourceTree = BUILT_PRODUCTS_DIR; };
		C34D076924F409750059F38D /* DataType.swift */ = {isa = PBXFileReference; fileEncoding = 4; lastKnownFileType = sourcecode.swift; path = DataType.swift; sourceTree = "<group>"; };
		C34D076A24F409750059F38D /* HttpUrlResponse+IsSuccesful.swift */ = {isa = PBXFileReference; fileEncoding = 4; lastKnownFileType = sourcecode.swift; path = "HttpUrlResponse+IsSuccesful.swift"; sourceTree = "<group>"; };
		C34D076B24F409750059F38D /* JSONDecoder+Extension.swift */ = {isa = PBXFileReference; fileEncoding = 4; lastKnownFileType = sourcecode.swift; path = "JSONDecoder+Extension.swift"; sourceTree = "<group>"; };
		C34D076C24F409750059F38D /* HTTPMethod.swift */ = {isa = PBXFileReference; fileEncoding = 4; lastKnownFileType = sourcecode.swift; path = HTTPMethod.swift; sourceTree = "<group>"; };
		C34D076D24F409750059F38D /* URL+GeneralURLQuery.swift */ = {isa = PBXFileReference; fileEncoding = 4; lastKnownFileType = sourcecode.swift; path = "URL+GeneralURLQuery.swift"; sourceTree = "<group>"; };
		C34D076E24F409750059F38D /* ContentType.swift */ = {isa = PBXFileReference; fileEncoding = 4; lastKnownFileType = sourcecode.swift; path = ContentType.swift; sourceTree = "<group>"; };
		C34D076F24F409750059F38D /* ErrorManager.swift */ = {isa = PBXFileReference; fileEncoding = 4; lastKnownFileType = sourcecode.swift; path = ErrorManager.swift; sourceTree = "<group>"; };
		C34D077024F409750059F38D /* URLRequest+setupRequest.swift */ = {isa = PBXFileReference; fileEncoding = 4; lastKnownFileType = sourcecode.swift; path = "URLRequest+setupRequest.swift"; sourceTree = "<group>"; };
		C34D077124F409750059F38D /* AuthType.swift */ = {isa = PBXFileReference; fileEncoding = 4; lastKnownFileType = sourcecode.swift; path = AuthType.swift; sourceTree = "<group>"; };
		C34D077224F409750059F38D /* APIConfiguration.swift */ = {isa = PBXFileReference; fileEncoding = 4; lastKnownFileType = sourcecode.swift; path = APIConfiguration.swift; sourceTree = "<group>"; };
		OBJ_12 /* AddaNetworkingTests.swift */ = {isa = PBXFileReference; lastKnownFileType = sourcecode.swift; path = AddaNetworkingTests.swift; sourceTree = "<group>"; };
		OBJ_13 /* XCTestManifests.swift */ = {isa = PBXFileReference; lastKnownFileType = sourcecode.swift; path = XCTestManifests.swift; sourceTree = "<group>"; };
		OBJ_18 /* LICENSE */ = {isa = PBXFileReference; lastKnownFileType = text; path = LICENSE; sourceTree = "<group>"; };
		OBJ_19 /* README.md */ = {isa = PBXFileReference; lastKnownFileType = net.daringfireball.markdown; path = README.md; sourceTree = "<group>"; };
		OBJ_6 /* Package.swift */ = {isa = PBXFileReference; explicitFileType = sourcecode.swift; path = Package.swift; sourceTree = "<group>"; };
		OBJ_9 /* AddaNetworking.swift */ = {isa = PBXFileReference; lastKnownFileType = sourcecode.swift; path = AddaNetworking.swift; sourceTree = "<group>"; };
/* End PBXFileReference section */

/* Begin PBXFrameworksBuildPhase section */
		OBJ_26 /* Frameworks */ = {
			isa = PBXFrameworksBuildPhase;
			buildActionMask = 0;
			files = (
			);
			runOnlyForDeploymentPostprocessing = 0;
		};
		OBJ_45 /* Frameworks */ = {
			isa = PBXFrameworksBuildPhase;
			buildActionMask = 0;
			files = (
				OBJ_46 /* AddaNetworking.framework in Frameworks */,
			);
			runOnlyForDeploymentPostprocessing = 0;
		};
/* End PBXFrameworksBuildPhase section */

/* Begin PBXGroup section */
		OBJ_10 /* Tests */ = {
			isa = PBXGroup;
			children = (
				OBJ_11 /* AddaNetworkingTests */,
			);
			name = Tests;
			sourceTree = SOURCE_ROOT;
		};
		OBJ_11 /* AddaNetworkingTests */ = {
			isa = PBXGroup;
			children = (
				OBJ_12 /* AddaNetworkingTests.swift */,
				OBJ_13 /* XCTestManifests.swift */,
			);
			name = AddaNetworkingTests;
			path = Tests/AddaNetworkingTests;
			sourceTree = SOURCE_ROOT;
		};
		OBJ_14 /* Products */ = {
			isa = PBXGroup;
			children = (
				"AddaNetworking::AddaNetworkingTests::Product" /* AddaNetworkingTests.xctest */,
				"AddaNetworking::AddaNetworking::Product" /* AddaNetworking.framework */,
			);
			name = Products;
			sourceTree = BUILT_PRODUCTS_DIR;
		};
		OBJ_5 = {
			isa = PBXGroup;
			children = (
				OBJ_6 /* Package.swift */,
				OBJ_7 /* Sources */,
				OBJ_10 /* Tests */,
				OBJ_14 /* Products */,
				OBJ_18 /* LICENSE */,
				OBJ_19 /* README.md */,
			);
			sourceTree = "<group>";
		};
		OBJ_7 /* Sources */ = {
			isa = PBXGroup;
			children = (
				OBJ_8 /* AddaNetworking */,
			);
			name = Sources;
			sourceTree = SOURCE_ROOT;
		};
		OBJ_8 /* AddaNetworking */ = {
			isa = PBXGroup;
			children = (
				C34D077224F409750059F38D /* APIConfiguration.swift */,
				C34D077124F409750059F38D /* AuthType.swift */,
				C34D076E24F409750059F38D /* ContentType.swift */,
				C34D076924F409750059F38D /* DataType.swift */,
				C34D076F24F409750059F38D /* ErrorManager.swift */,
				C34D076C24F409750059F38D /* HTTPMethod.swift */,
				C34D076A24F409750059F38D /* HttpUrlResponse+IsSuccesful.swift */,
				C34D076B24F409750059F38D /* JSONDecoder+Extension.swift */,
				C34D076D24F409750059F38D /* URL+GeneralURLQuery.swift */,
				C34D077024F409750059F38D /* URLRequest+setupRequest.swift */,
				OBJ_9 /* AddaNetworking.swift */,
			);
			name = AddaNetworking;
			path = Sources/AddaNetworking;
			sourceTree = SOURCE_ROOT;
		};
/* End PBXGroup section */

/* Begin PBXNativeTarget section */
		"AddaNetworking::AddaNetworking" /* AddaNetworking */ = {
			isa = PBXNativeTarget;
			buildConfigurationList = OBJ_21 /* Build configuration list for PBXNativeTarget "AddaNetworking" */;
			buildPhases = (
				OBJ_24 /* Sources */,
				OBJ_26 /* Frameworks */,
			);
			buildRules = (
			);
			dependencies = (
			);
			name = AddaNetworking;
			productName = AddaNetworking;
			productReference = "AddaNetworking::AddaNetworking::Product" /* AddaNetworking.framework */;
			productType = "com.apple.product-type.framework";
		};
		"AddaNetworking::AddaNetworkingTests" /* AddaNetworkingTests */ = {
			isa = PBXNativeTarget;
			buildConfigurationList = OBJ_39 /* Build configuration list for PBXNativeTarget "AddaNetworkingTests" */;
			buildPhases = (
				OBJ_42 /* Sources */,
				OBJ_45 /* Frameworks */,
			);
			buildRules = (
			);
			dependencies = (
				OBJ_47 /* PBXTargetDependency */,
			);
			name = AddaNetworkingTests;
			productName = AddaNetworkingTests;
			productReference = "AddaNetworking::AddaNetworkingTests::Product" /* AddaNetworkingTests.xctest */;
			productType = "com.apple.product-type.bundle.unit-test";
		};
		"AddaNetworking::SwiftPMPackageDescription" /* AddaNetworkingPackageDescription */ = {
			isa = PBXNativeTarget;
			buildConfigurationList = OBJ_28 /* Build configuration list for PBXNativeTarget "AddaNetworkingPackageDescription" */;
			buildPhases = (
				OBJ_31 /* Sources */,
			);
			buildRules = (
			);
			dependencies = (
			);
			name = AddaNetworkingPackageDescription;
			productName = AddaNetworkingPackageDescription;
			productType = "com.apple.product-type.framework";
		};
/* End PBXNativeTarget section */

/* Begin PBXProject section */
		OBJ_1 /* Project object */ = {
			isa = PBXProject;
			attributes = {
				LastSwiftMigration = 9999;
				LastUpgradeCheck = 9999;
			};
			buildConfigurationList = OBJ_2 /* Build configuration list for PBXProject "AddaNetworking" */;
			compatibilityVersion = "Xcode 3.2";
			developmentRegion = en;
			hasScannedForEncodings = 0;
			knownRegions = (
				en,
			);
			mainGroup = OBJ_5;
			productRefGroup = OBJ_14 /* Products */;
			projectDirPath = "";
			projectRoot = "";
			targets = (
				"AddaNetworking::AddaNetworking" /* AddaNetworking */,
				"AddaNetworking::SwiftPMPackageDescription" /* AddaNetworkingPackageDescription */,
				"AddaNetworking::AddaNetworkingPackageTests::ProductTarget" /* AddaNetworkingPackageTests */,
				"AddaNetworking::AddaNetworkingTests" /* AddaNetworkingTests */,
			);
		};
/* End PBXProject section */

/* Begin PBXSourcesBuildPhase section */
		OBJ_24 /* Sources */ = {
			isa = PBXSourcesBuildPhase;
			buildActionMask = 0;
			files = (
				OBJ_25 /* AddaNetworking.swift in Sources */,
				C34D077424F409750059F38D /* HttpUrlResponse+IsSuccesful.swift in Sources */,
				C34D077A24F409750059F38D /* URLRequest+setupRequest.swift in Sources */,
				C34D077924F409750059F38D /* ErrorManager.swift in Sources */,
				C34D077524F409750059F38D /* JSONDecoder+Extension.swift in Sources */,
				C34D077B24F409750059F38D /* AuthType.swift in Sources */,
				C34D077724F409750059F38D /* URL+GeneralURLQuery.swift in Sources */,
				C34D077C24F409750059F38D /* APIConfiguration.swift in Sources */,
				C34D077824F409750059F38D /* ContentType.swift in Sources */,
				C34D077624F409750059F38D /* HTTPMethod.swift in Sources */,
				C34D077324F409750059F38D /* DataType.swift in Sources */,
			);
			runOnlyForDeploymentPostprocessing = 0;
		};
		OBJ_31 /* Sources */ = {
			isa = PBXSourcesBuildPhase;
			buildActionMask = 0;
			files = (
				OBJ_32 /* Package.swift in Sources */,
			);
			runOnlyForDeploymentPostprocessing = 0;
		};
		OBJ_42 /* Sources */ = {
			isa = PBXSourcesBuildPhase;
			buildActionMask = 0;
			files = (
				OBJ_43 /* AddaNetworkingTests.swift in Sources */,
				OBJ_44 /* XCTestManifests.swift in Sources */,
			);
			runOnlyForDeploymentPostprocessing = 0;
		};
/* End PBXSourcesBuildPhase section */

/* Begin PBXTargetDependency section */
		OBJ_37 /* PBXTargetDependency */ = {
			isa = PBXTargetDependency;
			target = "AddaNetworking::AddaNetworkingTests" /* AddaNetworkingTests */;
			targetProxy = C34D077E24F409A80059F38D /* PBXContainerItemProxy */;
		};
		OBJ_47 /* PBXTargetDependency */ = {
			isa = PBXTargetDependency;
			target = "AddaNetworking::AddaNetworking" /* AddaNetworking */;
			targetProxy = C34D076824F4091B0059F38D /* PBXContainerItemProxy */;
		};
/* End PBXTargetDependency section */

/* Begin XCBuildConfiguration section */
		OBJ_22 /* Debug */ = {
			isa = XCBuildConfiguration;
			buildSettings = {
				ENABLE_TESTABILITY = YES;
				FRAMEWORK_SEARCH_PATHS = (
					"$(inherited)",
					"$(PLATFORM_DIR)/Developer/Library/Frameworks",
				);
				HEADER_SEARCH_PATHS = "$(inherited)";
				INFOPLIST_FILE = AddaNetworking.xcodeproj/AddaNetworking_Info.plist;
				IPHONEOS_DEPLOYMENT_TARGET = 8.0;
				LD_RUNPATH_SEARCH_PATHS = "$(inherited) $(TOOLCHAIN_DIR)/usr/lib/swift/macosx";
				MACOSX_DEPLOYMENT_TARGET = 10.10;
				OTHER_CFLAGS = "$(inherited)";
				OTHER_LDFLAGS = "$(inherited)";
				OTHER_SWIFT_FLAGS = "$(inherited)";
				PRODUCT_BUNDLE_IDENTIFIER = AddaNetworking;
				PRODUCT_MODULE_NAME = "$(TARGET_NAME:c99extidentifier)";
				PRODUCT_NAME = "$(TARGET_NAME:c99extidentifier)";
				SKIP_INSTALL = YES;
				SWIFT_ACTIVE_COMPILATION_CONDITIONS = "$(inherited)";
				SWIFT_VERSION = 5.0;
				TARGET_NAME = AddaNetworking;
				TVOS_DEPLOYMENT_TARGET = 9.0;
				WATCHOS_DEPLOYMENT_TARGET = 2.0;
			};
			name = Debug;
		};
		OBJ_23 /* Release */ = {
			isa = XCBuildConfiguration;
			buildSettings = {
				ENABLE_TESTABILITY = YES;
				FRAMEWORK_SEARCH_PATHS = (
					"$(inherited)",
					"$(PLATFORM_DIR)/Developer/Library/Frameworks",
				);
				HEADER_SEARCH_PATHS = "$(inherited)";
				INFOPLIST_FILE = AddaNetworking.xcodeproj/AddaNetworking_Info.plist;
				IPHONEOS_DEPLOYMENT_TARGET = 8.0;
				LD_RUNPATH_SEARCH_PATHS = "$(inherited) $(TOOLCHAIN_DIR)/usr/lib/swift/macosx";
				MACOSX_DEPLOYMENT_TARGET = 10.10;
				OTHER_CFLAGS = "$(inherited)";
				OTHER_LDFLAGS = "$(inherited)";
				OTHER_SWIFT_FLAGS = "$(inherited)";
				PRODUCT_BUNDLE_IDENTIFIER = AddaNetworking;
				PRODUCT_MODULE_NAME = "$(TARGET_NAME:c99extidentifier)";
				PRODUCT_NAME = "$(TARGET_NAME:c99extidentifier)";
				SKIP_INSTALL = YES;
				SWIFT_ACTIVE_COMPILATION_CONDITIONS = "$(inherited)";
				SWIFT_VERSION = 5.0;
				TARGET_NAME = AddaNetworking;
				TVOS_DEPLOYMENT_TARGET = 9.0;
				WATCHOS_DEPLOYMENT_TARGET = 2.0;
			};
			name = Release;
		};
		OBJ_29 /* Debug */ = {
			isa = XCBuildConfiguration;
			buildSettings = {
				LD = /usr/bin/true;
				OTHER_SWIFT_FLAGS = "-swift-version 5 -I $(TOOLCHAIN_DIR)/usr/lib/swift/pm/4_2 -target x86_64-apple-macosx10.10 -sdk /Applications/Xcode.app/Contents/Developer/Platforms/MacOSX.platform/Developer/SDKs/MacOSX10.15.sdk -package-description-version 5.2.0";
				SWIFT_VERSION = 5.0;
			};
			name = Debug;
		};
		OBJ_3 /* Debug */ = {
			isa = XCBuildConfiguration;
			buildSettings = {
				CLANG_ENABLE_OBJC_ARC = YES;
				COMBINE_HIDPI_IMAGES = YES;
				COPY_PHASE_STRIP = NO;
				DEBUG_INFORMATION_FORMAT = dwarf;
				DYLIB_INSTALL_NAME_BASE = "@rpath";
				ENABLE_NS_ASSERTIONS = YES;
				GCC_OPTIMIZATION_LEVEL = 0;
				GCC_PREPROCESSOR_DEFINITIONS = (
					"$(inherited)",
					"SWIFT_PACKAGE=1",
					"DEBUG=1",
				);
				MACOSX_DEPLOYMENT_TARGET = 10.10;
				ONLY_ACTIVE_ARCH = YES;
				OTHER_SWIFT_FLAGS = "$(inherited) -DXcode";
				PRODUCT_NAME = "$(TARGET_NAME)";
				SDKROOT = macosx;
				SUPPORTED_PLATFORMS = "macosx iphoneos iphonesimulator appletvos appletvsimulator watchos watchsimulator";
				SWIFT_ACTIVE_COMPILATION_CONDITIONS = "$(inherited) SWIFT_PACKAGE DEBUG";
				SWIFT_OPTIMIZATION_LEVEL = "-Onone";
				USE_HEADERMAP = NO;
			};
			name = Debug;
		};
		OBJ_30 /* Release */ = {
			isa = XCBuildConfiguration;
			buildSettings = {
				LD = /usr/bin/true;
				OTHER_SWIFT_FLAGS = "-swift-version 5 -I $(TOOLCHAIN_DIR)/usr/lib/swift/pm/4_2 -target x86_64-apple-macosx10.10 -sdk /Applications/Xcode.app/Contents/Developer/Platforms/MacOSX.platform/Developer/SDKs/MacOSX10.15.sdk -package-description-version 5.2.0";
				SWIFT_VERSION = 5.0;
			};
			name = Release;
		};
		OBJ_35 /* Debug */ = {
			isa = XCBuildConfiguration;
			buildSettings = {
			};
			name = Debug;
		};
		OBJ_36 /* Release */ = {
			isa = XCBuildConfiguration;
			buildSettings = {
			};
			name = Release;
		};
		OBJ_4 /* Release */ = {
			isa = XCBuildConfiguration;
			buildSettings = {
				CLANG_ENABLE_OBJC_ARC = YES;
				COMBINE_HIDPI_IMAGES = YES;
				COPY_PHASE_STRIP = YES;
				DEBUG_INFORMATION_FORMAT = "dwarf-with-dsym";
				DYLIB_INSTALL_NAME_BASE = "@rpath";
				GCC_OPTIMIZATION_LEVEL = s;
				GCC_PREPROCESSOR_DEFINITIONS = (
					"$(inherited)",
					"SWIFT_PACKAGE=1",
				);
				MACOSX_DEPLOYMENT_TARGET = 10.10;
				OTHER_SWIFT_FLAGS = "$(inherited) -DXcode";
				PRODUCT_NAME = "$(TARGET_NAME)";
				SDKROOT = macosx;
				SUPPORTED_PLATFORMS = "macosx iphoneos iphonesimulator appletvos appletvsimulator watchos watchsimulator";
				SWIFT_ACTIVE_COMPILATION_CONDITIONS = "$(inherited) SWIFT_PACKAGE";
				SWIFT_OPTIMIZATION_LEVEL = "-Owholemodule";
				USE_HEADERMAP = NO;
			};
			name = Release;
		};
		OBJ_40 /* Debug */ = {
			isa = XCBuildConfiguration;
			buildSettings = {
				CLANG_ENABLE_MODULES = YES;
				EMBEDDED_CONTENT_CONTAINS_SWIFT = YES;
				FRAMEWORK_SEARCH_PATHS = (
					"$(inherited)",
					"$(PLATFORM_DIR)/Developer/Library/Frameworks",
				);
				HEADER_SEARCH_PATHS = "$(inherited)";
				INFOPLIST_FILE = AddaNetworking.xcodeproj/AddaNetworkingTests_Info.plist;
				IPHONEOS_DEPLOYMENT_TARGET = 8.0;
				LD_RUNPATH_SEARCH_PATHS = "$(inherited) @loader_path/../Frameworks @loader_path/Frameworks";
				MACOSX_DEPLOYMENT_TARGET = 10.10;
				OTHER_CFLAGS = "$(inherited)";
				OTHER_LDFLAGS = "$(inherited)";
				OTHER_SWIFT_FLAGS = "$(inherited)";
				SWIFT_ACTIVE_COMPILATION_CONDITIONS = "$(inherited)";
				SWIFT_VERSION = 5.0;
				TARGET_NAME = AddaNetworkingTests;
				TVOS_DEPLOYMENT_TARGET = 9.0;
				WATCHOS_DEPLOYMENT_TARGET = 2.0;
			};
			name = Debug;
		};
		OBJ_41 /* Release */ = {
			isa = XCBuildConfiguration;
			buildSettings = {
				CLANG_ENABLE_MODULES = YES;
				EMBEDDED_CONTENT_CONTAINS_SWIFT = YES;
				FRAMEWORK_SEARCH_PATHS = (
					"$(inherited)",
					"$(PLATFORM_DIR)/Developer/Library/Frameworks",
				);
				HEADER_SEARCH_PATHS = "$(inherited)";
				INFOPLIST_FILE = AddaNetworking.xcodeproj/AddaNetworkingTests_Info.plist;
				IPHONEOS_DEPLOYMENT_TARGET = 8.0;
				LD_RUNPATH_SEARCH_PATHS = "$(inherited) @loader_path/../Frameworks @loader_path/Frameworks";
				MACOSX_DEPLOYMENT_TARGET = 10.10;
				OTHER_CFLAGS = "$(inherited)";
				OTHER_LDFLAGS = "$(inherited)";
				OTHER_SWIFT_FLAGS = "$(inherited)";
				SWIFT_ACTIVE_COMPILATION_CONDITIONS = "$(inherited)";
				SWIFT_VERSION = 5.0;
				TARGET_NAME = AddaNetworkingTests;
				TVOS_DEPLOYMENT_TARGET = 9.0;
				WATCHOS_DEPLOYMENT_TARGET = 2.0;
			};
			name = Release;
		};
/* End XCBuildConfiguration section */

/* Begin XCConfigurationList section */
		OBJ_2 /* Build configuration list for PBXProject "AddaNetworking" */ = {
			isa = XCConfigurationList;
			buildConfigurations = (
				OBJ_3 /* Debug */,
				OBJ_4 /* Release */,
			);
			defaultConfigurationIsVisible = 0;
			defaultConfigurationName = Release;
		};
		OBJ_21 /* Build configuration list for PBXNativeTarget "AddaNetworking" */ = {
			isa = XCConfigurationList;
			buildConfigurations = (
				OBJ_22 /* Debug */,
				OBJ_23 /* Release */,
			);
			defaultConfigurationIsVisible = 0;
			defaultConfigurationName = Release;
		};
		OBJ_28 /* Build configuration list for PBXNativeTarget "AddaNetworkingPackageDescription" */ = {
			isa = XCConfigurationList;
			buildConfigurations = (
				OBJ_29 /* Debug */,
				OBJ_30 /* Release */,
			);
			defaultConfigurationIsVisible = 0;
			defaultConfigurationName = Release;
		};
		OBJ_34 /* Build configuration list for PBXAggregateTarget "AddaNetworkingPackageTests" */ = {
			isa = XCConfigurationList;
			buildConfigurations = (
				OBJ_35 /* Debug */,
				OBJ_36 /* Release */,
			);
			defaultConfigurationIsVisible = 0;
			defaultConfigurationName = Release;
		};
		OBJ_39 /* Build configuration list for PBXNativeTarget "AddaNetworkingTests" */ = {
			isa = XCConfigurationList;
			buildConfigurations = (
				OBJ_40 /* Debug */,
				OBJ_41 /* Release */,
			);
			defaultConfigurationIsVisible = 0;
			defaultConfigurationName = Release;
		};
/* End XCConfigurationList section */
	};
	rootObject = OBJ_1 /* Project object */;
}
